
Microsoft Visual Studio Solution File, Format Version 12.00
# Visual Studio Version 16
VisualStudioVersion = 16.0.31613.86
MinimumVisualStudioVersion = 10.0.40219.1
Project("{FAE04EC0-301F-11D3-BF4B-00C04F79EFBC}") = "Z_Tata_GC_Lab_7", "Z_Tata_GC_Lab_7\Z_Tata_GC_Lab_7.csproj", "{B4F89DCC-E00A-4224-A864-414796DA1757}"
EndProject
Global
	GlobalSection(SolutionConfigurationPlatforms) = preSolution
		Debug|Any CPU = Debug|Any CPU
		Release|Any CPU = Release|Any CPU
	EndGlobalSection
	GlobalSection(ProjectConfigurationPlatforms) = postSolution
		{B4F89DCC-E00A-4224-A864-414796DA1757}.Debug|Any CPU.ActiveCfg = Debug|Any CPU
		{B4F89DCC-E00A-4224-A864-414796DA1757}.Debug|Any CPU.Build.0 = Debug|Any CPU
		{B4F89DCC-E00A-4224-A864-414796DA1757}.Release|Any CPU.ActiveCfg = Release|Any CPU
		{B4F89DCC-E00A-4224-A864-414796DA1757}.Release|Any CPU.Build.0 = Release|Any CPU
	EndGlobalSection
	GlobalSection(SolutionProperties) = preSolution
		HideSolutionNode = FALSE
	EndGlobalSection
	GlobalSection(ExtensibilityGlobals) = postSolution
		SolutionGuid = {D35EDED5-8E6B-4546-AD55-D4872B466627}
	EndGlobalSection
EndGlobal
